// !$*UTF8*$!
{
	archiveVersion = 1;
	classes = {
	};
	objectVersion = 60;
	objects = {

/* Begin PBXBuildFile section */
		E78500AA2C33C271008A80DB /* SensorCollectApp.swift in Sources */ = {isa = PBXBuildFile; fileRef = E78500A92C33C271008A80DB /* SensorCollectApp.swift */; };
		E78500AC2C33C271008A80DB /* ContentView.swift in Sources */ = {isa = PBXBuildFile; fileRef = E78500AB2C33C271008A80DB /* ContentView.swift */; };
		E78500AE2C33C272008A80DB /* Assets.xcassets in Resources */ = {isa = PBXBuildFile; fileRef = E78500AD2C33C272008A80DB /* Assets.xcassets */; };
		E78500B12C33C272008A80DB /* Preview Assets.xcassets in Resources */ = {isa = PBXBuildFile; fileRef = E78500B02C33C272008A80DB /* Preview Assets.xcassets */; };
		E78500BE2C33D3EE008A80DB /* SensorCollectWatchApp.swift in Sources */ = {isa = PBXBuildFile; fileRef = E78500BD2C33D3EE008A80DB /* SensorCollectWatchApp.swift */; };
		E78500C02C33D3EE008A80DB /* ContentView.swift in Sources */ = {isa = PBXBuildFile; fileRef = E78500BF2C33D3EE008A80DB /* ContentView.swift */; };
		E78500C22C33D3EF008A80DB /* Assets.xcassets in Resources */ = {isa = PBXBuildFile; fileRef = E78500C12C33D3EF008A80DB /* Assets.xcassets */; };
		E78500C52C33D3EF008A80DB /* Preview Assets.xcassets in Resources */ = {isa = PBXBuildFile; fileRef = E78500C42C33D3EF008A80DB /* Preview Assets.xcassets */; };
		E78500C82C33D3EF008A80DB /* SensorCollectWatch Watch App.app in Embed Watch Content */ = {isa = PBXBuildFile; fileRef = E78500BB2C33D3EE008A80DB /* SensorCollectWatch Watch App.app */; settings = {ATTRIBUTES = (RemoveHeadersOnCopy, ); }; };
		E7CE0AB42C35457D007BB7C6 /* DetailView.swift in Sources */ = {isa = PBXBuildFile; fileRef = E7CE0AB32C35457D007BB7C6 /* DetailView.swift */; };
		E7CE0AB92C35A0E1007BB7C6 /* SensorDataModel.xcdatamodeld in Sources */ = {isa = PBXBuildFile; fileRef = E7CE0AB72C35A0E1007BB7C6 /* SensorDataModel.xcdatamodeld */; };
/* End PBXBuildFile section */

/* Begin PBXContainerItemProxy section */
		E78500C62C33D3EF008A80DB /* PBXContainerItemProxy */ = {
			isa = PBXContainerItemProxy;
			containerPortal = E785009E2C33C271008A80DB /* Project object */;
			proxyType = 1;
			remoteGlobalIDString = E78500BA2C33D3EE008A80DB;
			remoteInfo = "SensorCollectWatch Watch App";
		};
/* End PBXContainerItemProxy section */

/* Begin PBXCopyFilesBuildPhase section */
		E78500CC2C33D3EF008A80DB /* Embed Watch Content */ = {
			isa = PBXCopyFilesBuildPhase;
			buildActionMask = 2147483647;
			dstPath = "$(CONTENTS_FOLDER_PATH)/Watch";
			dstSubfolderSpec = 16;
			files = (
				E78500C82C33D3EF008A80DB /* SensorCollectWatch Watch App.app in Embed Watch Content */,
			);
			name = "Embed Watch Content";
			runOnlyForDeploymentPostprocessing = 0;
		};
/* End PBXCopyFilesBuildPhase section */

/* Begin PBXFileReference section */
		E78500A62C33C271008A80DB /* SensorCollect.app */ = {isa = PBXFileReference; explicitFileType = wrapper.application; includeInIndex = 0; path = SensorCollect.app; sourceTree = BUILT_PRODUCTS_DIR; };
		E78500A92C33C271008A80DB /* SensorCollectApp.swift */ = {isa = PBXFileReference; lastKnownFileType = sourcecode.swift; path = SensorCollectApp.swift; sourceTree = "<group>"; };
		E78500AB2C33C271008A80DB /* ContentView.swift */ = {isa = PBXFileReference; lastKnownFileType = sourcecode.swift; path = ContentView.swift; sourceTree = "<group>"; };
		E78500AD2C33C272008A80DB /* Assets.xcassets */ = {isa = PBXFileReference; lastKnownFileType = folder.assetcatalog; path = Assets.xcassets; sourceTree = "<group>"; };
		E78500B02C33C272008A80DB /* Preview Assets.xcassets */ = {isa = PBXFileReference; lastKnownFileType = folder.assetcatalog; path = "Preview Assets.xcassets"; sourceTree = "<group>"; };
		E78500BB2C33D3EE008A80DB /* SensorCollectWatch Watch App.app */ = {isa = PBXFileReference; explicitFileType = wrapper.application; includeInIndex = 0; path = "SensorCollectWatch Watch App.app"; sourceTree = BUILT_PRODUCTS_DIR; };
		E78500BD2C33D3EE008A80DB /* SensorCollectWatchApp.swift */ = {isa = PBXFileReference; lastKnownFileType = sourcecode.swift; path = SensorCollectWatchApp.swift; sourceTree = "<group>"; };
		E78500BF2C33D3EE008A80DB /* ContentView.swift */ = {isa = PBXFileReference; lastKnownFileType = sourcecode.swift; path = ContentView.swift; sourceTree = "<group>"; };
		E78500C12C33D3EF008A80DB /* Assets.xcassets */ = {isa = PBXFileReference; lastKnownFileType = folder.assetcatalog; path = Assets.xcassets; sourceTree = "<group>"; };
		E78500C42C33D3EF008A80DB /* Preview Assets.xcassets */ = {isa = PBXFileReference; lastKnownFileType = folder.assetcatalog; path = "Preview Assets.xcassets"; sourceTree = "<group>"; };
		E7CE0AB32C35457D007BB7C6 /* DetailView.swift */ = {isa = PBXFileReference; lastKnownFileType = sourcecode.swift; path = DetailView.swift; sourceTree = "<group>"; };
		E7CE0AB82C35A0E1007BB7C6 /* SensorDataModel.xcdatamodel */ = {isa = PBXFileReference; lastKnownFileType = wrapper.xcdatamodel; path = SensorDataModel.xcdatamodel; sourceTree = "<group>"; };
/* End PBXFileReference section */

/* Begin PBXFrameworksBuildPhase section */
		E78500A32C33C271008A80DB /* Frameworks */ = {
			isa = PBXFrameworksBuildPhase;
			buildActionMask = 2147483647;
			files = (
			);
			runOnlyForDeploymentPostprocessing = 0;
		};
		E78500B82C33D3EE008A80DB /* Frameworks */ = {
			isa = PBXFrameworksBuildPhase;
			buildActionMask = 2147483647;
			files = (
			);
			runOnlyForDeploymentPostprocessing = 0;
		};
/* End PBXFrameworksBuildPhase section */

/* Begin PBXGroup section */
		E785009D2C33C271008A80DB = {
			isa = PBXGroup;
			children = (
				E78500A82C33C271008A80DB /* SensorCollect */,
				E78500BC2C33D3EE008A80DB /* SensorCollectWatch Watch App */,
				E78500A72C33C271008A80DB /* Products */,
			);
			sourceTree = "<group>";
		};
		E78500A72C33C271008A80DB /* Products */ = {
			isa = PBXGroup;
			children = (
				E78500A62C33C271008A80DB /* SensorCollect.app */,
				E78500BB2C33D3EE008A80DB /* SensorCollectWatch Watch App.app */,
			);
			name = Products;
			sourceTree = "<group>";
		};
		E78500A82C33C271008A80DB /* SensorCollect */ = {
			isa = PBXGroup;
			children = (
				E7CE0AB32C35457D007BB7C6 /* DetailView.swift */,
				E78500A92C33C271008A80DB /* SensorCollectApp.swift */,
				E78500AB2C33C271008A80DB /* ContentView.swift */,
				E78500AD2C33C272008A80DB /* Assets.xcassets */,
				E78500AF2C33C272008A80DB /* Preview Content */,
				E7CE0AB72C35A0E1007BB7C6 /* SensorDataModel.xcdatamodeld */,
			);
			path = SensorCollect;
			sourceTree = "<group>";
		};
		E78500AF2C33C272008A80DB /* Preview Content */ = {
			isa = PBXGroup;
			children = (
				E78500B02C33C272008A80DB /* Preview Assets.xcassets */,
			);
			path = "Preview Content";
			sourceTree = "<group>";
		};
		E78500BC2C33D3EE008A80DB /* SensorCollectWatch Watch App */ = {
			isa = PBXGroup;
			children = (
				E78500BD2C33D3EE008A80DB /* SensorCollectWatchApp.swift */,
				E78500BF2C33D3EE008A80DB /* ContentView.swift */,
				E78500C12C33D3EF008A80DB /* Assets.xcassets */,
				E78500C32C33D3EF008A80DB /* Preview Content */,
			);
			path = "SensorCollectWatch Watch App";
			sourceTree = "<group>";
		};
		E78500C32C33D3EF008A80DB /* Preview Content */ = {
			isa = PBXGroup;
			children = (
				E78500C42C33D3EF008A80DB /* Preview Assets.xcassets */,
			);
			path = "Preview Content";
			sourceTree = "<group>";
		};
/* End PBXGroup section */

/* Begin PBXNativeTarget section */
		E78500A52C33C271008A80DB /* SensorCollect */ = {
			isa = PBXNativeTarget;
			buildConfigurationList = E78500B42C33C272008A80DB /* Build configuration list for PBXNativeTarget "SensorCollect" */;
			buildPhases = (
				E78500A22C33C271008A80DB /* Sources */,
				E78500A32C33C271008A80DB /* Frameworks */,
				E78500A42C33C271008A80DB /* Resources */,
				E78500CC2C33D3EF008A80DB /* Embed Watch Content */,
			);
			buildRules = (
			);
			dependencies = (
				E78500C72C33D3EF008A80DB /* PBXTargetDependency */,
			);
			name = SensorCollect;
			productName = SensorCollect;
			productReference = E78500A62C33C271008A80DB /* SensorCollect.app */;
			productType = "com.apple.product-type.application";
		};
		E78500BA2C33D3EE008A80DB /* SensorCollectWatch Watch App */ = {
			isa = PBXNativeTarget;
			buildConfigurationList = E78500C92C33D3EF008A80DB /* Build configuration list for PBXNativeTarget "SensorCollectWatch Watch App" */;
			buildPhases = (
				E78500B72C33D3EE008A80DB /* Sources */,
				E78500B82C33D3EE008A80DB /* Frameworks */,
				E78500B92C33D3EE008A80DB /* Resources */,
			);
			buildRules = (
			);
			dependencies = (
			);
			name = "SensorCollectWatch Watch App";
			productName = "SensorCollectWatch Watch App";
			productReference = E78500BB2C33D3EE008A80DB /* SensorCollectWatch Watch App.app */;
			productType = "com.apple.product-type.application";
		};
/* End PBXNativeTarget section */

/* Begin PBXProject section */
		E785009E2C33C271008A80DB /* Project object */ = {
			isa = PBXProject;
			attributes = {
				BuildIndependentTargetsInParallel = 1;
				LastSwiftUpdateCheck = 1600;
				LastUpgradeCheck = 1600;
				TargetAttributes = {
					E78500A52C33C271008A80DB = {
						CreatedOnToolsVersion = 16.0;
					};
					E78500BA2C33D3EE008A80DB = {
						CreatedOnToolsVersion = 16.0;
					};
				};
			};
			buildConfigurationList = E78500A12C33C271008A80DB /* Build configuration list for PBXProject "SensorCollect" */;
			compatibilityVersion = "Xcode 15.0";
			developmentRegion = en;
			hasScannedForEncodings = 0;
			knownRegions = (
				en,
				Base,
			);
			mainGroup = E785009D2C33C271008A80DB;
			productRefGroup = E78500A72C33C271008A80DB /* Products */;
			projectDirPath = "";
			projectRoot = "";
			targets = (
				E78500A52C33C271008A80DB /* SensorCollect */,
				E78500BA2C33D3EE008A80DB /* SensorCollectWatch Watch App */,
			);
		};
/* End PBXProject section */

/* Begin PBXResourcesBuildPhase section */
		E78500A42C33C271008A80DB /* Resources */ = {
			isa = PBXResourcesBuildPhase;
			buildActionMask = 2147483647;
			files = (
				E78500B12C33C272008A80DB /* Preview Assets.xcassets in Resources */,
				E78500AE2C33C272008A80DB /* Assets.xcassets in Resources */,
			);
			runOnlyForDeploymentPostprocessing = 0;
		};
		E78500B92C33D3EE008A80DB /* Resources */ = {
			isa = PBXResourcesBuildPhase;
			buildActionMask = 2147483647;
			files = (
				E78500C52C33D3EF008A80DB /* Preview Assets.xcassets in Resources */,
				E78500C22C33D3EF008A80DB /* Assets.xcassets in Resources */,
			);
			runOnlyForDeploymentPostprocessing = 0;
		};
/* End PBXResourcesBuildPhase section */

/* Begin PBXSourcesBuildPhase section */
		E78500A22C33C271008A80DB /* Sources */ = {
			isa = PBXSourcesBuildPhase;
			buildActionMask = 2147483647;
			files = (
				E78500AC2C33C271008A80DB /* ContentView.swift in Sources */,
				E7CE0AB92C35A0E1007BB7C6 /* SensorDataModel.xcdatamodeld in Sources */,
				E7CE0AB42C35457D007BB7C6 /* DetailView.swift in Sources */,
				E78500AA2C33C271008A80DB /* SensorCollectApp.swift in Sources */,
			);
			runOnlyForDeploymentPostprocessing = 0;
		};
		E78500B72C33D3EE008A80DB /* Sources */ = {
			isa = PBXSourcesBuildPhase;
			buildActionMask = 2147483647;
			files = (
				E78500C02C33D3EE008A80DB /* ContentView.swift in Sources */,
				E78500BE2C33D3EE008A80DB /* SensorCollectWatchApp.swift in Sources */,
			);
			runOnlyForDeploymentPostprocessing = 0;
		};
/* End PBXSourcesBuildPhase section */

/* Begin PBXTargetDependency section */
		E78500C72C33D3EF008A80DB /* PBXTargetDependency */ = {
			isa = PBXTargetDependency;
			target = E78500BA2C33D3EE008A80DB /* SensorCollectWatch Watch App */;
			targetProxy = E78500C62C33D3EF008A80DB /* PBXContainerItemProxy */;
		};
/* End PBXTargetDependency section */

/* Begin XCBuildConfiguration section */
		E78500B22C33C272008A80DB /* Debug */ = {
			isa = XCBuildConfiguration;
			buildSettings = {
				ALWAYS_SEARCH_USER_PATHS = NO;
				ASSETCATALOG_COMPILER_GENERATE_SWIFT_ASSET_SYMBOL_EXTENSIONS = YES;
				CLANG_ANALYZER_NONNULL = YES;
				CLANG_ANALYZER_NUMBER_OBJECT_CONVERSION = YES_AGGRESSIVE;
				CLANG_CXX_LANGUAGE_STANDARD = "gnu++20";
				CLANG_ENABLE_MODULES = YES;
				CLANG_ENABLE_OBJC_ARC = YES;
				CLANG_ENABLE_OBJC_WEAK = YES;
				CLANG_WARN_BLOCK_CAPTURE_AUTORELEASING = YES;
				CLANG_WARN_BOOL_CONVERSION = YES;
				CLANG_WARN_COMMA = YES;
				CLANG_WARN_CONSTANT_CONVERSION = YES;
				CLANG_WARN_DEPRECATED_OBJC_IMPLEMENTATIONS = YES;
				CLANG_WARN_DIRECT_OBJC_ISA_USAGE = YES_ERROR;
				CLANG_WARN_DOCUMENTATION_COMMENTS = YES;
				CLANG_WARN_EMPTY_BODY = YES;
				CLANG_WARN_ENUM_CONVERSION = YES;
				CLANG_WARN_INFINITE_RECURSION = YES;
				CLANG_WARN_INT_CONVERSION = YES;
				CLANG_WARN_NON_LITERAL_NULL_CONVERSION = YES;
				CLANG_WARN_OBJC_IMPLICIT_RETAIN_SELF = YES;
				CLANG_WARN_OBJC_LITERAL_CONVERSION = YES;
				CLANG_WARN_OBJC_ROOT_CLASS = YES_ERROR;
				CLANG_WARN_QUOTED_INCLUDE_IN_FRAMEWORK_HEADER = YES;
				CLANG_WARN_RANGE_LOOP_ANALYSIS = YES;
				CLANG_WARN_STRICT_PROTOTYPES = YES;
				CLANG_WARN_SUSPICIOUS_MOVE = YES;
				CLANG_WARN_UNGUARDED_AVAILABILITY = YES_AGGRESSIVE;
				CLANG_WARN_UNREACHABLE_CODE = YES;
				CLANG_WARN__DUPLICATE_METHOD_MATCH = YES;
				COPY_PHASE_STRIP = NO;
				DEBUG_INFORMATION_FORMAT = dwarf;
				ENABLE_STRICT_OBJC_MSGSEND = YES;
				ENABLE_TESTABILITY = YES;
				ENABLE_USER_SCRIPT_SANDBOXING = YES;
				GCC_C_LANGUAGE_STANDARD = gnu17;
				GCC_DYNAMIC_NO_PIC = NO;
				GCC_NO_COMMON_BLOCKS = YES;
				GCC_OPTIMIZATION_LEVEL = 0;
				GCC_PREPROCESSOR_DEFINITIONS = (
					"DEBUG=1",
					"$(inherited)",
				);
				GCC_WARN_64_TO_32_BIT_CONVERSION = YES;
				GCC_WARN_ABOUT_RETURN_TYPE = YES_ERROR;
				GCC_WARN_UNDECLARED_SELECTOR = YES;
				GCC_WARN_UNINITIALIZED_AUTOS = YES_AGGRESSIVE;
				GCC_WARN_UNUSED_FUNCTION = YES;
				GCC_WARN_UNUSED_VARIABLE = YES;
				IPHONEOS_DEPLOYMENT_TARGET = 18.0;
				LOCALIZATION_PREFERS_STRING_CATALOGS = YES;
				MTL_ENABLE_DEBUG_INFO = INCLUDE_SOURCE;
				MTL_FAST_MATH = YES;
				ONLY_ACTIVE_ARCH = YES;
				SDKROOT = iphoneos;
				SWIFT_ACTIVE_COMPILATION_CONDITIONS = "DEBUG $(inherited)";
				SWIFT_OPTIMIZATION_LEVEL = "-Onone";
			};
			name = Debug;
		};
		E78500B32C33C272008A80DB /* Release */ = {
			isa = XCBuildConfiguration;
			buildSettings = {
				ALWAYS_SEARCH_USER_PATHS = NO;
				ASSETCATALOG_COMPILER_GENERATE_SWIFT_ASSET_SYMBOL_EXTENSIONS = YES;
				CLANG_ANALYZER_NONNULL = YES;
				CLANG_ANALYZER_NUMBER_OBJECT_CONVERSION = YES_AGGRESSIVE;
				CLANG_CXX_LANGUAGE_STANDARD = "gnu++20";
				CLANG_ENABLE_MODULES = YES;
				CLANG_ENABLE_OBJC_ARC = YES;
				CLANG_ENABLE_OBJC_WEAK = YES;
				CLANG_WARN_BLOCK_CAPTURE_AUTORELEASING = YES;
				CLANG_WARN_BOOL_CONVERSION = YES;
				CLANG_WARN_COMMA = YES;
				CLANG_WARN_CONSTANT_CONVERSION = YES;
				CLANG_WARN_DEPRECATED_OBJC_IMPLEMENTATIONS = YES;
				CLANG_WARN_DIRECT_OBJC_ISA_USAGE = YES_ERROR;
				CLANG_WARN_DOCUMENTATION_COMMENTS = YES;
				CLANG_WARN_EMPTY_BODY = YES;
				CLANG_WARN_ENUM_CONVERSION = YES;
				CLANG_WARN_INFINITE_RECURSION = YES;
				CLANG_WARN_INT_CONVERSION = YES;
				CLANG_WARN_NON_LITERAL_NULL_CONVERSION = YES;
				CLANG_WARN_OBJC_IMPLICIT_RETAIN_SELF = YES;
				CLANG_WARN_OBJC_LITERAL_CONVERSION = YES;
				CLANG_WARN_OBJC_ROOT_CLASS = YES_ERROR;
				CLANG_WARN_QUOTED_INCLUDE_IN_FRAMEWORK_HEADER = YES;
				CLANG_WARN_RANGE_LOOP_ANALYSIS = YES;
				CLANG_WARN_STRICT_PROTOTYPES = YES;
				CLANG_WARN_SUSPICIOUS_MOVE = YES;
				CLANG_WARN_UNGUARDED_AVAILABILITY = YES_AGGRESSIVE;
				CLANG_WARN_UNREACHABLE_CODE = YES;
				CLANG_WARN__DUPLICATE_METHOD_MATCH = YES;
				COPY_PHASE_STRIP = NO;
				DEBUG_INFORMATION_FORMAT = "dwarf-with-dsym";
				ENABLE_NS_ASSERTIONS = NO;
				ENABLE_STRICT_OBJC_MSGSEND = YES;
				ENABLE_USER_SCRIPT_SANDBOXING = YES;
				GCC_C_LANGUAGE_STANDARD = gnu17;
				GCC_NO_COMMON_BLOCKS = YES;
				GCC_WARN_64_TO_32_BIT_CONVERSION = YES;
				GCC_WARN_ABOUT_RETURN_TYPE = YES_ERROR;
				GCC_WARN_UNDECLARED_SELECTOR = YES;
				GCC_WARN_UNINITIALIZED_AUTOS = YES_AGGRESSIVE;
				GCC_WARN_UNUSED_FUNCTION = YES;
				GCC_WARN_UNUSED_VARIABLE = YES;
				IPHONEOS_DEPLOYMENT_TARGET = 18.0;
				LOCALIZATION_PREFERS_STRING_CATALOGS = YES;
				MTL_ENABLE_DEBUG_INFO = NO;
				MTL_FAST_MATH = YES;
				SDKROOT = iphoneos;
				SWIFT_COMPILATION_MODE = wholemodule;
				VALIDATE_PRODUCT = YES;
			};
			name = Release;
		};
		E78500B52C33C272008A80DB /* Debug */ = {
			isa = XCBuildConfiguration;
			buildSettings = {
				ASSETCATALOG_COMPILER_APPICON_NAME = AppIcon;
				ASSETCATALOG_COMPILER_GLOBAL_ACCENT_COLOR_NAME = AccentColor;
				CODE_SIGN_IDENTITY = "Apple Development";
				"CODE_SIGN_IDENTITY[sdk=iphoneos*]" = "iPhone Developer";
				CODE_SIGN_STYLE = Manual;
				CURRENT_PROJECT_VERSION = 1;
				DEVELOPMENT_ASSET_PATHS = "\"SensorCollect/Preview Content\"";
				DEVELOPMENT_TEAM = "";
				"DEVELOPMENT_TEAM[sdk=iphoneos*]" = MYKB3KD2J3;
				ENABLE_PREVIEWS = YES;
				GENERATE_INFOPLIST_FILE = YES;
				INFOPLIST_KEY_UIApplicationSceneManifest_Generation = YES;
				INFOPLIST_KEY_UIApplicationSupportsIndirectInputEvents = YES;
				INFOPLIST_KEY_UILaunchScreen_Generation = YES;
				INFOPLIST_KEY_UIStatusBarStyle = "";
				INFOPLIST_KEY_UISupportedInterfaceOrientations_iPad = "UIInterfaceOrientationPortrait UIInterfaceOrientationPortraitUpsideDown UIInterfaceOrientationLandscapeLeft UIInterfaceOrientationLandscapeRight";
				INFOPLIST_KEY_UISupportedInterfaceOrientations_iPhone = "UIInterfaceOrientationPortrait UIInterfaceOrientationLandscapeLeft UIInterfaceOrientationLandscapeRight";
				IPHONEOS_DEPLOYMENT_TARGET = 16.0;
				LD_RUNPATH_SEARCH_PATHS = (
					"$(inherited)",
					"@executable_path/Frameworks",
				);
				MARKETING_VERSION = 1.2;
				PRODUCT_BUNDLE_IDENTIFIER = com.b7e.SensorCollect;
				PRODUCT_NAME = "$(TARGET_NAME)";
				PROVISIONING_PROFILE_SPECIFIER = "";
				"PROVISIONING_PROFILE_SPECIFIER[sdk=iphoneos*]" = SensorCollect;
				SUPPORTED_PLATFORMS = "iphoneos iphonesimulator";
				SUPPORTS_MACCATALYST = NO;
				SUPPORTS_MAC_DESIGNED_FOR_IPHONE_IPAD = NO;
				SUPPORTS_XR_DESIGNED_FOR_IPHONE_IPAD = NO;
				SWIFT_EMIT_LOC_STRINGS = YES;
				SWIFT_VERSION = 5.0;
				TARGETED_DEVICE_FAMILY = 1;
			};
			name = Debug;
		};
		E78500B62C33C272008A80DB /* Release */ = {
			isa = XCBuildConfiguration;
			buildSettings = {
				ASSETCATALOG_COMPILER_APPICON_NAME = AppIcon;
				ASSETCATALOG_COMPILER_GLOBAL_ACCENT_COLOR_NAME = AccentColor;
				CODE_SIGN_IDENTITY = "Apple Development";
				"CODE_SIGN_IDENTITY[sdk=iphoneos*]" = "iPhone Developer";
				CODE_SIGN_STYLE = Manual;
				CURRENT_PROJECT_VERSION = 1;
				DEVELOPMENT_ASSET_PATHS = "\"SensorCollect/Preview Content\"";
				DEVELOPMENT_TEAM = "";
				"DEVELOPMENT_TEAM[sdk=iphoneos*]" = MYKB3KD2J3;
				ENABLE_PREVIEWS = YES;
				GENERATE_INFOPLIST_FILE = YES;
				INFOPLIST_KEY_UIApplicationSceneManifest_Generation = YES;
				INFOPLIST_KEY_UIApplicationSupportsIndirectInputEvents = YES;
				INFOPLIST_KEY_UILaunchScreen_Generation = YES;
				INFOPLIST_KEY_UIStatusBarStyle = "";
				INFOPLIST_KEY_UISupportedInterfaceOrientations_iPad = "UIInterfaceOrientationPortrait UIInterfaceOrientationPortraitUpsideDown UIInterfaceOrientationLandscapeLeft UIInterfaceOrientationLandscapeRight";
				INFOPLIST_KEY_UISupportedInterfaceOrientations_iPhone = "UIInterfaceOrientationPortrait UIInterfaceOrientationLandscapeLeft UIInterfaceOrientationLandscapeRight";
				IPHONEOS_DEPLOYMENT_TARGET = 16.0;
				LD_RUNPATH_SEARCH_PATHS = (
					"$(inherited)",
					"@executable_path/Frameworks",
				);
				MARKETING_VERSION = 1.2;
				PRODUCT_BUNDLE_IDENTIFIER = com.b7e.SensorCollect;
				PRODUCT_NAME = "$(TARGET_NAME)";
				PROVISIONING_PROFILE_SPECIFIER = "";
				"PROVISIONING_PROFILE_SPECIFIER[sdk=iphoneos*]" = SensorCollect;
				SUPPORTED_PLATFORMS = "iphoneos iphonesimulator";
				SUPPORTS_MACCATALYST = NO;
				SUPPORTS_MAC_DESIGNED_FOR_IPHONE_IPAD = NO;
				SUPPORTS_XR_DESIGNED_FOR_IPHONE_IPAD = NO;
				SWIFT_EMIT_LOC_STRINGS = YES;
				SWIFT_VERSION = 5.0;
				TARGETED_DEVICE_FAMILY = 1;
			};
			name = Release;
		};
		E78500CA2C33D3EF008A80DB /* Debug */ = {
			isa = XCBuildConfiguration;
			buildSettings = {
				ASSETCATALOG_COMPILER_APPICON_NAME = AppIcon;
				ASSETCATALOG_COMPILER_GLOBAL_ACCENT_COLOR_NAME = AccentColor;
				CODE_SIGN_IDENTITY = "Apple Development";
				CODE_SIGN_STYLE = Automatic;
				CURRENT_PROJECT_VERSION = 1;
				DEVELOPMENT_ASSET_PATHS = "\"SensorCollectWatch Watch App/Preview Content\"";
				DEVELOPMENT_TEAM = MYKB3KD2J3;
				ENABLE_PREVIEWS = YES;
				GENERATE_INFOPLIST_FILE = YES;
				INFOPLIST_KEY_CFBundleDisplayName = SensorCollectWatch;
				INFOPLIST_KEY_UISupportedInterfaceOrientations = "UIInterfaceOrientationPortrait UIInterfaceOrientationPortraitUpsideDown";
				INFOPLIST_KEY_WKCompanionAppBundleIdentifier = com.b7e.SensorCollect;
				LD_RUNPATH_SEARCH_PATHS = (
					"$(inherited)",
					"@executable_path/Frameworks",
				);
				MARKETING_VERSION = 1.2;
				PRODUCT_BUNDLE_IDENTIFIER = com.b7e.SensorCollect.watchkitapp;
				PRODUCT_NAME = "$(TARGET_NAME)";
				PROVISIONING_PROFILE_SPECIFIER = "";
				SDKROOT = watchos;
				SKIP_INSTALL = YES;
				SWIFT_EMIT_LOC_STRINGS = YES;
				SWIFT_VERSION = 5.0;
				TARGETED_DEVICE_FAMILY = 4;
				WATCHOS_DEPLOYMENT_TARGET = 10.0;
			};
			name = Debug;
		};
		E78500CB2C33D3EF008A80DB /* Release */ = {
			isa = XCBuildConfiguration;
			buildSettings = {
				ASSETCATALOG_COMPILER_APPICON_NAME = AppIcon;
				ASSETCATALOG_COMPILER_GLOBAL_ACCENT_COLOR_NAME = AccentColor;
				CODE_SIGN_IDENTITY = "Apple Development";
				"CODE_SIGN_IDENTITY[sdk=watchos*]" = "iPhone Developer";
				CODE_SIGN_STYLE = Manual;
				CURRENT_PROJECT_VERSION = 1;
				DEVELOPMENT_ASSET_PATHS = "\"SensorCollectWatch Watch App/Preview Content\"";
				DEVELOPMENT_TEAM = "";
				"DEVELOPMENT_TEAM[sdk=watchos*]" = MYKB3KD2J3;
				ENABLE_PREVIEWS = YES;
				GENERATE_INFOPLIST_FILE = YES;
				INFOPLIST_KEY_CFBundleDisplayName = SensorCollectWatch;
				INFOPLIST_KEY_UISupportedInterfaceOrientations = "UIInterfaceOrientationPortrait UIInterfaceOrientationPortraitUpsideDown";
				INFOPLIST_KEY_WKCompanionAppBundleIdentifier = com.b7e.SensorCollect;
				LD_RUNPATH_SEARCH_PATHS = (
					"$(inherited)",
					"@executable_path/Frameworks",
				);
				MARKETING_VERSION = 1.2;
				PRODUCT_BUNDLE_IDENTIFIER = com.b7e.SensorCollect.watchkitapp;
				PRODUCT_NAME = "$(TARGET_NAME)";
				PROVISIONING_PROFILE_SPECIFIER = "";
				"PROVISIONING_PROFILE_SPECIFIER[sdk=watchos*]" = "SensorCollect watchkitapp";
				SDKROOT = watchos;
				SKIP_INSTALL = YES;
				SWIFT_EMIT_LOC_STRINGS = YES;
				SWIFT_VERSION = 5.0;
				TARGETED_DEVICE_FAMILY = 4;
				WATCHOS_DEPLOYMENT_TARGET = 10.0;
			};
			name = Release;
		};
/* End XCBuildConfiguration section */

/* Begin XCConfigurationList section */
		E78500A12C33C271008A80DB /* Build configuration list for PBXProject "SensorCollect" */ = {
			isa = XCConfigurationList;
			buildConfigurations = (
				E78500B22C33C272008A80DB /* Debug */,
				E78500B32C33C272008A80DB /* Release */,
			);
			defaultConfigurationIsVisible = 0;
			defaultConfigurationName = Release;
		};
		E78500B42C33C272008A80DB /* Build configuration list for PBXNativeTarget "SensorCollect" */ = {
			isa = XCConfigurationList;
			buildConfigurations = (
				E78500B52C33C272008A80DB /* Debug */,
				E78500B62C33C272008A80DB /* Release */,
			);
			defaultConfigurationIsVisible = 0;
			defaultConfigurationName = Release;
		};
		E78500C92C33D3EF008A80DB /* Build configuration list for PBXNativeTarget "SensorCollectWatch Watch App" */ = {
			isa = XCConfigurationList;
			buildConfigurations = (
				E78500CA2C33D3EF008A80DB /* Debug */,
				E78500CB2C33D3EF008A80DB /* Release */,
			);
			defaultConfigurationIsVisible = 0;
			defaultConfigurationName = Release;
		};
/* End XCConfigurationList section */

/* Begin XCVersionGroup section */
		E7CE0AB72C35A0E1007BB7C6 /* SensorDataModel.xcdatamodeld */ = {
			isa = XCVersionGroup;
			children = (
				E7CE0AB82C35A0E1007BB7C6 /* SensorDataModel.xcdatamodel */,
			);
			currentVersion = E7CE0AB82C35A0E1007BB7C6 /* SensorDataModel.xcdatamodel */;
			path = SensorDataModel.xcdatamodeld;
			sourceTree = "<group>";
			versionGroupType = wrapper.xcdatamodel;
		};
/* End XCVersionGroup section */
	};
	rootObject = E785009E2C33C271008A80DB /* Project object */;
}
